
Microsoft Visual Studio Solution File, Format Version 12.00
# Visual Studio Version 17
VisualStudioVersion = 17.13.35931.197
MinimumVisualStudioVersion = 10.0.40219.1
Project("{FAE04EC0-301F-11D3-BF4B-00C04F79EFBC}") = "ConsoleApp1", "ConsoleApp1\ConsoleApp1.csproj", "{6F8AEB75-A09F-41BC-90F8-802B325503F9}"
EndProject
Project("{FAE04EC0-301F-11D3-BF4B-00C04F79EFBC}") = "WebApplication1", "WebApplication1\WebApplication1.csproj", "{D4A01378-C8F7-4D73-8897-245F2621427A}"
EndProject
Global
	GlobalSection(SolutionConfigurationPlatforms) = preSolution
		Debug|Any CPU = Debug|Any CPU
		Release|Any CPU = Release|Any CPU
	EndGlobalSection
	GlobalSection(ProjectConfigurationPlatforms) = postSolution
		{6F8AEB75-A09F-41BC-90F8-802B325503F9}.Debug|Any CPU.ActiveCfg = Debug|Any CPU
		{6F8AEB75-A09F-41BC-90F8-802B325503F9}.Debug|Any CPU.Build.0 = Debug|Any CPU
		{6F8AEB75-A09F-41BC-90F8-802B325503F9}.Release|Any CPU.ActiveCfg = Release|Any CPU
		{6F8AEB75-A09F-41BC-90F8-802B325503F9}.Release|Any CPU.Build.0 = Release|Any CPU
		{D4A01378-C8F7-4D73-8897-245F2621427A}.Debug|Any CPU.ActiveCfg = Debug|Any CPU
		{D4A01378-C8F7-4D73-8897-245F2621427A}.Debug|Any CPU.Build.0 = Debug|Any CPU
		{D4A01378-C8F7-4D73-8897-245F2621427A}.Release|Any CPU.ActiveCfg = Release|Any CPU
		{D4A01378-C8F7-4D73-8897-245F2621427A}.Release|Any CPU.Build.0 = Release|Any CPU
	EndGlobalSection
	GlobalSection(SolutionProperties) = preSolution
		HideSolutionNode = FALSE
	EndGlobalSection
	GlobalSection(ExtensibilityGlobals) = postSolution
		SolutionGuid = {9301F577-0C9B-47FB-B580-DB0825490C93}
	EndGlobalSection
EndGlobal
